dependencies:
  '@rush-temp/lib-a': 'file:projects/lib-a.tgz'
  '@rush-temp/lib-b': 'file:projects/lib-b.tgz'
  '@rush-temp/service-a': 'file:projects/service-a.tgz'
  '@rush-temp/service-b': 'file:projects/service-b.tgz'
  '@types/koa': 2.11.3
  '@types/luxon': 1.24.0
  koa: 2.11.0
  luxon: 1.24.1
  ts-node: 8.10.1_typescript@3.8.3
  typescript: 3.8.3
lockfileVersion: 5.1
packages:
  /@types/accepts/1.3.5:
    dependencies:
      '@types/node': 13.13.5
    dev: false
    resolution:
      integrity: sha512-jOdnI/3qTpHABjM5cx1Hc0sKsPoYCp+DP/GJRGtDlPd7fiV9oXGGIcjW/ZOxLIvjGz8MA+uMZI9metHlgqbgwQ==
  /@types/body-parser/1.19.0:
    dependencies:
      '@types/connect': 3.4.33
      '@types/node': 13.13.5
    dev: false
    resolution:
      integrity: sha512-W98JrE0j2K78swW4ukqMleo8R7h/pFETjM2DQ90MF6XK2i4LO4W3gQ71Lt4w3bfm2EvVSyWHplECvB5sK22yFQ==
  /@types/connect/3.4.33:
    dependencies:
      '@types/node': 13.13.5
    dev: false
    resolution:
      integrity: sha512-2+FrkXY4zllzTNfJth7jOqEHC+enpLeGslEhpnTAkg21GkRrWV4SsAtqchtT4YS9/nODBU2/ZfsBY2X4J/dX7A==
  /@types/content-disposition/0.5.3:
    dev: false
    resolution:
      integrity: sha512-P1bffQfhD3O4LW0ioENXUhZ9OIa0Zn+P7M+pWgkCKaT53wVLSq0mrKksCID/FGHpFhRSxRGhgrQmfhRuzwtKdg==
  /@types/cookies/0.7.4:
    dependencies:
      '@types/connect': 3.4.33
      '@types/express': 4.17.6
      '@types/keygrip': 1.0.2
      '@types/node': 13.13.5
    dev: false
    resolution:
      integrity: sha512-oTGtMzZZAVuEjTwCjIh8T8FrC8n/uwy+PG0yTvQcdZ7etoel7C7/3MSd7qrukENTgQtotG7gvBlBojuVs7X5rw==
  /@types/express-serve-static-core/4.17.7:
    dependencies:
      '@types/node': 13.13.5
      '@types/qs': 6.9.2
      '@types/range-parser': 1.2.3
    dev: false
    resolution:
      integrity: sha512-EMgTj/DF9qpgLXyc+Btimg+XoH7A2liE8uKul8qSmMTHCeNYzydDKFdsJskDvw42UsesCnhO63dO0Grbj8J4Dw==
  /@types/express/4.17.6:
    dependencies:
      '@types/body-parser': 1.19.0
      '@types/express-serve-static-core': 4.17.7
      '@types/qs': 6.9.2
      '@types/serve-static': 1.13.3
    dev: false
    resolution:
      integrity: sha512-n/mr9tZI83kd4azlPG5y997C/M4DNABK9yErhFM6hKdym4kkmd9j0vtsJyjFIwfRBxtrxZtAfGZCNRIBMFLK5w==
  /@types/http-assert/1.5.1:
    dev: false
    resolution:
      integrity: sha512-PGAK759pxyfXE78NbKxyfRcWYA/KwW17X290cNev/qAsn9eQIxkH4shoNBafH37wewhDG/0p1cHPbK6+SzZjWQ==
  /@types/keygrip/1.0.2:
    dev: false
    resolution:
      integrity: sha512-GJhpTepz2udxGexqos8wgaBx4I/zWIDPh/KOGEwAqtuGDkOUJu5eFvwmdBX4AmB8Odsr+9pHCQqiAqDL/yKMKw==
  /@types/koa-compose/3.2.5:
    dependencies:
      '@types/koa': 2.11.3
    dev: false
    resolution:
      integrity: sha512-B8nG/OoE1ORZqCkBVsup/AKcvjdgoHnfi4pZMn5UwAPCbhk/96xyv284eBYW8JlQbQ7zDmnpFr68I/40mFoIBQ==
  /@types/koa/2.11.3:
    dependencies:
      '@types/accepts': 1.3.5
      '@types/content-disposition': 0.5.3
      '@types/cookies': 0.7.4
      '@types/http-assert': 1.5.1
      '@types/keygrip': 1.0.2
      '@types/koa-compose': 3.2.5
      '@types/node': 13.13.5
    dev: false
    resolution:
      integrity: sha512-ABxVkrNWa4O/Jp24EYI/hRNqEVRlhB9g09p48neQp4m3xL1TJtdWk2NyNQSMCU45ejeELMQZBYyfstyVvO2H3Q==
  /@types/luxon/1.24.0:
    dev: false
    resolution:
      integrity: sha512-OCTdVRQf/ge2ULlGqVKRI/HwyWoKpLV3ppLt6H27yzK/qdYNJ60Sz5tUxy3Jt1RD9K4Iz1tcDWPFJArBFZNAWQ==
  /@types/mime/2.0.1:
    dev: false
    resolution:
      integrity: sha512-FwI9gX75FgVBJ7ywgnq/P7tw+/o1GUbtP0KzbtusLigAOgIgNISRK0ZPl4qertvXSIE8YbsVJueQ90cDt9YYyw==
  /@types/node/13.13.5:
    dev: false
    resolution:
      integrity: sha512-3ySmiBYJPqgjiHA7oEaIo2Rzz0HrOZ7yrNO5HWyaE5q0lQ3BppDZ3N53Miz8bw2I7gh1/zir2MGVZBvpb1zq9g==
  /@types/qs/6.9.2:
    dev: false
    resolution:
      integrity: sha512-a9bDi4Z3zCZf4Lv1X/vwnvbbDYSNz59h3i3KdyuYYN+YrLjSeJD0dnphdULDfySvUv6Exy/O0K6wX/kQpnPQ+A==
  /@types/range-parser/1.2.3:
    dev: false
    resolution:
      integrity: sha512-ewFXqrQHlFsgc09MK5jP5iR7vumV/BYayNC6PgJO2LPe8vrnNFyjQjSppfEngITi0qvfKtzFvgKymGheFM9UOA==
  /@types/serve-static/1.13.3:
    dependencies:
      '@types/express-serve-static-core': 4.17.7
      '@types/mime': 2.0.1
    dev: false
    resolution:
      integrity: sha512-oprSwp094zOglVrXdlo/4bAHtKTAxX6VT8FOZlBKrmyLbNvE1zxZyJ6yikMVtHIvwP45+ZQGJn+FdXGKTozq0g==
  /accepts/1.3.7:
    dependencies:
      mime-types: 2.1.27
      negotiator: 0.6.2
    dev: false
    engines:
      node: '>= 0.6'
    resolution:
      integrity: sha512-Il80Qs2WjYlJIBNzNkK6KYqlVMTbZLXgHx2oT0pU/fjRHyEp+PEfEPY0R3WCwAGVOtauxh1hOxNgIf5bv7dQpA==
  /any-promise/1.3.0:
    dev: false
    resolution:
      integrity: sha1-q8av7tzqUugJzcA3au0845Y10X8=
  /arg/4.1.3:
    dev: false
    resolution:
      integrity: sha512-58S9QDqG0Xx27YwPSt9fJxivjYl432YCwfDMfZ+71RAqUrZef7LrKQZ3LHLOwCS4FLNBplP533Zx895SeOCHvA==
  /buffer-from/1.1.1:
    dev: false
    resolution:
      integrity: sha512-MQcXEUbCKtEo7bhqEs6560Hyd4XaovZlO/k9V3hjVUF/zwW7KBVdSK4gIt/bzwS9MbR5qob+F5jusZsb0YQK2A==
  /cache-content-type/1.0.1:
    dependencies:
      mime-types: 2.1.27
      ylru: 1.2.1
    dev: false
    engines:
      node: '>= 6.0.0'
    resolution:
      integrity: sha512-IKufZ1o4Ut42YUrZSo8+qnMTrFuKkvyoLXUywKz9GJ5BrhOFGhLdkx9sG4KAnVvbY6kEcSFjLQul+DVmBm2bgA==
  /co/4.6.0:
    dev: false
    engines:
      iojs: '>= 1.0.0'
      node: '>= 0.12.0'
    resolution:
      integrity: sha1-bqa989hTrlTMuOR7+gvz+QMfsYQ=
  /content-disposition/0.5.3:
    dependencies:
      safe-buffer: 5.1.2
    dev: false
    engines:
      node: '>= 0.6'
    resolution:
      integrity: sha512-ExO0774ikEObIAEV9kDo50o+79VCUdEB6n6lzKgGwupcVeRlhrj3qGAfwq8G6uBJjkqLrhT0qEYFcWng8z1z0g==
  /content-type/1.0.4:
    dev: false
    engines:
      node: '>= 0.6'
    resolution:
      integrity: sha512-hIP3EEPs8tB9AT1L+NUqtwOAps4mk2Zob89MWXMHjHWg9milF/j4osnnQLXBCBFBk/tvIG/tUc9mOUJiPBhPXA==
  /cookies/0.8.0:
    dependencies:
      depd: 2.0.0
      keygrip: 1.1.0
    dev: false
    engines:
      node: '>= 0.8'
    resolution:
      integrity: sha512-8aPsApQfebXnuI+537McwYsDtjVxGm8gTIzQI3FDW6t5t/DAhERxtnbEPN/8RX+uZthoz4eCOgloXaE5cYyNow==
  /debug/3.1.0:
    dependencies:
      ms: 2.0.0
    dev: false
    resolution:
      integrity: sha512-OX8XqP7/1a9cqkxYw2yXss15f26NKWBpDXQd0/uK/KPqdQhxbPa994hnzjcE2VqQpDslf55723cKPUOGSmMY3g==
  /deep-equal/1.0.1:
    dev: false
    resolution:
      integrity: sha1-9dJgKStmDghO/0zbyfCK0yR0SLU=
  /delegates/1.0.0:
    dev: false
    resolution:
      integrity: sha1-hMbhWbgZBP3KWaDvRM2HDTElD5o=
  /depd/1.1.2:
    dev: false
    engines:
      node: '>= 0.6'
    resolution:
      integrity: sha1-m81S4UwJd2PnSbJ0xDRu0uVgtak=
  /depd/2.0.0:
    dev: false
    engines:
      node: '>= 0.8'
    resolution:
      integrity: sha512-g7nH6P6dyDioJogAAGprGpCtVImJhpPk/roCzdb3fIh61/s/nPsfR6onyMwkCAR/OlC3yBC0lESvUoQEAssIrw==
  /destroy/1.0.4:
    dev: false
    resolution:
      integrity: sha1-l4hXRCxEdJ5CBmE+N5RiBYJqvYA=
  /diff/4.0.2:
    dev: false
    engines:
      node: '>=0.3.1'
    resolution:
      integrity: sha512-58lmxKSA4BNyLz+HHMUzlOEpg09FV+ev6ZMe3vJihgdxzgcwZ8VoEEPmALCZG9LmqfVoNMMKpttIYTVG6uDY7A==
  /ee-first/1.1.1:
    dev: false
    resolution:
      integrity: sha1-WQxhFWsK4vTwJVcyoViyZrxWsh0=
  /encodeurl/1.0.2:
    dev: false
    engines:
      node: '>= 0.8'
    resolution:
      integrity: sha1-rT/0yG7C0CkyL1oCw6mmBslbP1k=
  /error-inject/1.0.0:
    dev: false
    resolution:
      integrity: sha1-4rPZG1Su1nLzCdlQ0VSFD6EdTzc=
  /escape-html/1.0.3:
    dev: false
    resolution:
      integrity: sha1-Aljq5NPQwJdN4cFpGI7wBR0dGYg=
  /fresh/0.5.2:
    dev: false
    engines:
      node: '>= 0.6'
    resolution:
      integrity: sha1-PYyt2Q2XZWn6g1qx+OSyOhBWBac=
  /http-assert/1.4.1:
    dependencies:
      deep-equal: 1.0.1
      http-errors: 1.7.3
    dev: false
    engines:
      node: '>= 0.8'
    resolution:
      integrity: sha512-rdw7q6GTlibqVVbXr0CKelfV5iY8G2HqEUkhSk297BMbSpSL8crXC+9rjKoMcZZEsksX30le6f/4ul4E28gegw==
  /http-errors/1.7.3:
    dependencies:
      depd: 1.1.2
      inherits: 2.0.4
      setprototypeof: 1.1.1
      statuses: 1.5.0
      toidentifier: 1.0.0
    dev: false
    engines:
      node: '>= 0.6'
    resolution:
      integrity: sha512-ZTTX0MWrsQ2ZAhA1cejAwDLycFsd7I7nVtnkT3Ol0aqodaKW+0CTZDQ1uBv5whptCnc8e8HeRRJxRs0kmm/Qfw==
  /inherits/2.0.4:
    dev: false
    resolution:
      integrity: sha512-k/vGaX4/Yla3WzyMCvTQOXYeIHvqOKtnqBduzTHpzpQZzAskKMhZ2K+EnBiSM9zGSoIFeMpXKxa4dYeZIQqewQ==
  /is-generator-function/1.0.7:
    dev: false
    engines:
      node: '>= 0.4'
    resolution:
      integrity: sha512-YZc5EwyO4f2kWCax7oegfuSr9mFz1ZvieNYBEjmukLxgXfBUbxAWGVF7GZf0zidYtoBl3WvC07YK0wT76a+Rtw==
  /keygrip/1.1.0:
    dependencies:
      tsscmp: 1.0.6
    dev: false
    engines:
      node: '>= 0.6'
    resolution:
      integrity: sha512-iYSchDJ+liQ8iwbSI2QqsQOvqv58eJCEanyJPJi+Khyu8smkcKSFUCbPwzFcL7YVtZ6eONjqRX/38caJ7QjRAQ==
  /koa-compose/3.2.1:
    dependencies:
      any-promise: 1.3.0
    dev: false
    resolution:
      integrity: sha1-qFzLQLfZhtjlo0Wzoazo6rz1Tec=
  /koa-compose/4.1.0:
    dev: false
    resolution:
      integrity: sha512-8ODW8TrDuMYvXRwra/Kh7/rJo9BtOfPc6qO8eAfC80CnCvSjSl0bkRM24X6/XBBEyj0v1nRUQ1LyOy3dbqOWXw==
  /koa-convert/1.2.0:
    dependencies:
      co: 4.6.0
      koa-compose: 3.2.1
    dev: false
    engines:
      node: '>= 4'
    resolution:
      integrity: sha1-2kCHXfSd4FOQmNFwC1CCDOvNIdA=
  /koa/2.11.0:
    dependencies:
      accepts: 1.3.7
      cache-content-type: 1.0.1
      content-disposition: 0.5.3
      content-type: 1.0.4
      cookies: 0.8.0
      debug: 3.1.0
      delegates: 1.0.0
      depd: 1.1.2
      destroy: 1.0.4
      encodeurl: 1.0.2
      error-inject: 1.0.0
      escape-html: 1.0.3
      fresh: 0.5.2
      http-assert: 1.4.1
      http-errors: 1.7.3
      is-generator-function: 1.0.7
      koa-compose: 4.1.0
      koa-convert: 1.2.0
      on-finished: 2.3.0
      only: 0.0.2
      parseurl: 1.3.3
      statuses: 1.5.0
      type-is: 1.6.18
      vary: 1.1.2
    dev: false
    engines:
      node: ^4.8.4 || ^6.10.1 || ^7.10.1 || >= 8.1.4
    resolution:
      integrity: sha512-EpR9dElBTDlaDgyhDMiLkXrPwp6ZqgAIBvhhmxQ9XN4TFgW+gEz6tkcsNI6BnUbUftrKDjVFj4lW2/J2aNBMMA==
  /luxon/1.24.1:
    dev: false
    resolution:
      integrity: sha512-CgnIMKAWT0ghcuWFfCWBnWGOddM0zu6c4wZAWmD0NN7MZTnro0+833DF6tJep+xlxRPg4KtsYEHYLfTMBQKwYg==
  /make-error/1.3.6:
    dev: false
    resolution:
      integrity: sha512-s8UhlNe7vPKomQhC1qFelMokr/Sc3AgNbso3n74mVPA5LTZwkB9NlXf4XPamLxJE8h0gh73rM94xvwRT2CVInw==
  /media-typer/0.3.0:
    dev: false
    engines:
      node: '>= 0.6'
    resolution:
      integrity: sha1-hxDXrwqmJvj/+hzgAWhUUmMlV0g=
  /mime-db/1.44.0:
    dev: false
    engines:
      node: '>= 0.6'
    resolution:
      integrity: sha512-/NOTfLrsPBVeH7YtFPgsVWveuL+4SjjYxaQ1xtM1KMFj7HdxlBlxeyNLzhyJVx7r4rZGJAZ/6lkKCitSc/Nmpg==
  /mime-types/2.1.27:
    dependencies:
      mime-db: 1.44.0
    dev: false
    engines:
      node: '>= 0.6'
    resolution:
      integrity: sha512-JIhqnCasI9yD+SsmkquHBxTSEuZdQX5BuQnS2Vc7puQQQ+8yiP5AY5uWhpdv4YL4VM5c6iliiYWPgJ/nJQLp7w==
  /ms/2.0.0:
    dev: false
    resolution:
      integrity: sha1-VgiurfwAvmwpAd9fmGF4jeDVl8g=
  /negotiator/0.6.2:
    dev: false
    engines:
      node: '>= 0.6'
    resolution:
      integrity: sha512-hZXc7K2e+PgeI1eDBe/10Ard4ekbfrrqG8Ep+8Jmf4JID2bNg7NvCPOZN+kfF574pFQI7mum2AUqDidoKqcTOw==
  /on-finished/2.3.0:
    dependencies:
      ee-first: 1.1.1
    dev: false
    engines:
      node: '>= 0.8'
    resolution:
      integrity: sha1-IPEzZIGwg811M3mSoWlxqi2QaUc=
  /only/0.0.2:
    dev: false
    resolution:
      integrity: sha1-Kv3oTQPlC5qO3EROMGEKcCle37Q=
  /parseurl/1.3.3:
    dev: false
    engines:
      node: '>= 0.8'
    resolution:
      integrity: sha512-CiyeOxFT/JZyN5m0z9PfXw4SCBJ6Sygz1Dpl0wqjlhDEGGBP1GnsUVEL0p63hoG1fcj3fHynXi9NYO4nWOL+qQ==
  /safe-buffer/5.1.2:
    dev: false
    resolution:
      integrity: sha512-Gd2UZBJDkXlY7GbJxfsE8/nvKkUEU1G38c1siN6QP6a9PT9MmHB8GnpscSmMJSoF8LOIrt8ud/wPtojys4G6+g==
  /setprototypeof/1.1.1:
    dev: false
    resolution:
      integrity: sha512-JvdAWfbXeIGaZ9cILp38HntZSFSo3mWg6xGcJJsd+d4aRMOqauag1C63dJfDw7OaMYwEbHMOxEZ1lqVRYP2OAw==
  /source-map-support/0.5.19:
    dependencies:
      buffer-from: 1.1.1
      source-map: 0.6.1
    dev: false
    resolution:
      integrity: sha512-Wonm7zOCIJzBGQdB+thsPar0kYuCIzYvxZwlBa87yi/Mdjv7Tip2cyVbLj5o0cFPN4EVkuTwb3GDDyUx2DGnGw==
  /source-map/0.6.1:
    dev: false
    engines:
      node: '>=0.10.0'
    resolution:
      integrity: sha512-UjgapumWlbMhkBgzT7Ykc5YXUT46F0iKu8SGXq0bcwP5dz/h0Plj6enJqjz1Zbq2l5WaqYnrVbwWOWMyF3F47g==
  /statuses/1.5.0:
    dev: false
    engines:
      node: '>= 0.6'
    resolution:
      integrity: sha1-Fhx9rBd2Wf2YEfQ3cfqZOBR4Yow=
  /toidentifier/1.0.0:
    dev: false
    engines:
      node: '>=0.6'
    resolution:
      integrity: sha512-yaOH/Pk/VEhBWWTlhI+qXxDFXlejDGcQipMlyxda9nthulaxLZUNcUqFxokp0vcYnvteJln5FNQDRrxj3YcbVw==
  /ts-node/8.10.1_typescript@3.8.3:
    dependencies:
      arg: 4.1.3
      diff: 4.0.2
      make-error: 1.3.6
      source-map-support: 0.5.19
      typescript: 3.8.3
      yn: 3.1.1
    dev: false
    engines:
      node: '>=6.0.0'
    hasBin: true
    peerDependencies:
      typescript: '>=2.7'
    resolution:
      integrity: sha512-bdNz1L4ekHiJul6SHtZWs1ujEKERJnHs4HxN7rjTyyVOFf3HaJ6sLqe6aPG62XTzAB/63pKRh5jTSWL0D7bsvw==
  /tsscmp/1.0.6:
    dev: false
    engines:
      node: '>=0.6.x'
    resolution:
      integrity: sha512-LxhtAkPDTkVCMQjt2h6eBVY28KCjikZqZfMcC15YBeNjkgUpdCfBu5HoiOTDu86v6smE8yOjyEktJ8hlbANHQA==
  /type-is/1.6.18:
    dependencies:
      media-typer: 0.3.0
      mime-types: 2.1.27
    dev: false
    engines:
      node: '>= 0.6'
    resolution:
      integrity: sha512-TkRKr9sUTxEH8MdfuCSP7VizJyzRNMjj2J2do2Jr3Kym598JVdEksuzPQCnlFPW4ky9Q+iA+ma9BGm06XQBy8g==
  /typescript/3.8.3:
    dev: false
    engines:
      node: '>=4.2.0'
    hasBin: true
    resolution:
      integrity: sha512-MYlEfn5VrLNsgudQTVJeNaQFUAI7DkhnOjdpAp4T+ku1TfQClewlbSuTVHiA+8skNBgaf02TL/kLOvig4y3G8w==
  /vary/1.1.2:
    dev: false
    engines:
      node: '>= 0.8'
    resolution:
      integrity: sha1-IpnwLG3tMNSllhsLn3RSShj2NPw=
  /ylru/1.2.1:
    dev: false
    engines:
      node: '>= 4.0.0'
    resolution:
      integrity: sha512-faQrqNMzcPCHGVC2aaOINk13K+aaBDUPjGWl0teOXywElLjyVAB6Oe2jj62jHYtwsU49jXhScYbvPENK+6zAvQ==
  /yn/3.1.1:
    dev: false
    engines:
      node: '>=6'
    resolution:
      integrity: sha512-Ux4ygGWsu2c7isFWe8Yu1YluJmqVhxqK2cLXNQA5AcC3QfbGNpM7fu0Y8b/z16pXLnFxZYvWhd3fhBY9DLmC6Q==
  'file:projects/lib-a.tgz':
    dependencies:
      ts-node: 8.10.1_typescript@3.8.3
      typescript: 3.8.3
    dev: false
    name: '@rush-temp/lib-a'
    resolution:
      integrity: sha512-OkzviWJf8jL3rJK7TPd603q5j9jvpS0wW97rREcQ5c1ofk5/iOrdEwtDc9Cp3EGpmYSLX9js8tb3ceTgsZClUw==
      tarball: 'file:projects/lib-a.tgz'
    version: 0.0.0
  'file:projects/lib-b.tgz':
    dependencies:
      '@types/luxon': 1.24.0
      luxon: 1.24.1
      ts-node: 8.10.1_typescript@3.8.3
      typescript: 3.8.3
    dev: false
    name: '@rush-temp/lib-b'
    resolution:
      integrity: sha512-KB3i9b1UEFWrgO3pzCcLVuA98beuHF3xqN98eKTcUThpEfGeeML0GvnSpS3ToqnElfrcgJoB0Rp6xdtsa2QPCw==
      tarball: 'file:projects/lib-b.tgz'
    version: 0.0.0
  'file:projects/service-a.tgz':
    dependencies:
      '@types/koa': 2.11.3
      koa: 2.11.0
      ts-node: 8.10.1_typescript@3.8.3
      typescript: 3.8.3
    dev: false
    name: '@rush-temp/service-a'
    resolution:
      integrity: sha512-6mynZPktOtHTdNXxMhMQ/Lq7t+tU5ARxadxeHzDItRfbVzRVIyJ68ZjGqtVPyeNAt1/VZn2DTJV9Ji3mbCG2kw==
      tarball: 'file:projects/service-a.tgz'
    version: 0.0.0
  'file:projects/service-b.tgz':
    dependencies:
      '@types/koa': 2.11.3
      koa: 2.11.0
      ts-node: 8.10.1_typescript@3.8.3
      typescript: 3.8.3
    dev: false
    name: '@rush-temp/service-b'
    resolution:
      integrity: sha512-WBGXVOJs2kOl0TyRiPv/mDOaT+xK9WHdJRoprmII/9xHdw7zYA4P07UpqBlL3exJirQpsvGN0G4p568nu1DLSw==
      tarball: 'file:projects/service-b.tgz'
    version: 0.0.0
registry: ''
specifiers:
  '@rush-temp/lib-a': 'file:./projects/lib-a.tgz'
  '@rush-temp/lib-b': 'file:./projects/lib-b.tgz'
  '@rush-temp/service-a': 'file:./projects/service-a.tgz'
  '@rush-temp/service-b': 'file:./projects/service-b.tgz'
  '@types/koa': ~2.11.3
  '@types/luxon': ~1.24.0
  koa: ~2.11.0
  luxon: ~1.24.1
  ts-node: ~8.10.1
  typescript: ~3.8.3
